
Microsoft Visual Studio Solution File, Format Version 12.00
# Visual Studio 15
VisualStudioVersion = 15.0.27130.2027
MinimumVisualStudioVersion = 10.0.40219.1
Project("{FAE04EC0-301F-11D3-BF4B-00C04F79EFBC}") = "WeddingGallery", "WeddingGallery\WeddingGallery.csproj", "{ABC0FDD0-311B-4430-890A-759B5B54885A}"
EndProject
Global
	GlobalSection(SolutionConfigurationPlatforms) = preSolution
		Debug|Any CPU = Debug|Any CPU
		Release|Any CPU = Release|Any CPU
	EndGlobalSection
	GlobalSection(ProjectConfigurationPlatforms) = postSolution
		{ABC0FDD0-311B-4430-890A-759B5B54885A}.Debug|Any CPU.ActiveCfg = Debug|Any CPU
		{ABC0FDD0-311B-4430-890A-759B5B54885A}.Debug|Any CPU.Build.0 = Debug|Any CPU
		{ABC0FDD0-311B-4430-890A-759B5B54885A}.Release|Any CPU.ActiveCfg = Release|Any CPU
		{ABC0FDD0-311B-4430-890A-759B5B54885A}.Release|Any CPU.Build.0 = Release|Any CPU
	EndGlobalSection
	GlobalSection(SolutionProperties) = preSolution
		HideSolutionNode = FALSE
	EndGlobalSection
	GlobalSection(ExtensibilityGlobals) = postSolution
		SolutionGuid = {3C48EC1B-73FE-4790-942D-46310CACEAE8}
	EndGlobalSection
EndGlobal
